
Microsoft Visual Studio Solution File, Format Version 12.00
# Visual Studio Version 17
VisualStudioVersion = 17.5.33424.131
MinimumVisualStudioVersion = 10.0.40219.1
Project("{8BC9CEB8-8B4A-11D0-8D11-00A0C91BC942}") = "GameEngineBase", "GameEngineBase\GameEngineBase.vcxproj", "{43E95582-82FC-46C5-A7CA-7D887CD0432B}"
EndProject
Project("{8BC9CEB8-8B4A-11D0-8D11-00A0C91BC942}") = "GameEnginePlatform", "GameEnginePlatform\GameEnginePlatform.vcxproj", "{A4198B71-D72C-4C1A-9FA2-6A2A1290C0E7}"
	ProjectSection(ProjectDependencies) = postProject
		{43E95582-82FC-46C5-A7CA-7D887CD0432B} = {43E95582-82FC-46C5-A7CA-7D887CD0432B}
	EndProjectSection
EndProject
Project("{2150E333-8FDC-42A3-9474-1A3956D46DE8}") = "Level0", "Level0", "{157E6D18-C7EB-4172-8CC1-AF1E5D4CAD52}"
EndProject
Project("{2150E333-8FDC-42A3-9474-1A3956D46DE8}") = "Level1", "Level1", "{88F40FB9-13F5-439C-8614-041749809D96}"
EndProject
Project("{2150E333-8FDC-42A3-9474-1A3956D46DE8}") = "Level9", "Level9", "{FC278E70-6CA0-481A-9D55-8C9A5141864F}"
EndProject
Project("{8BC9CEB8-8B4A-11D0-8D11-00A0C91BC942}") = "Application", "Application\Application.vcxproj", "{F84A8B91-47F3-4585-977F-C5A7654DA816}"
	ProjectSection(ProjectDependencies) = postProject
		{43E95582-82FC-46C5-A7CA-7D887CD0432B} = {43E95582-82FC-46C5-A7CA-7D887CD0432B}
		{A4198B71-D72C-4C1A-9FA2-6A2A1290C0E7} = {A4198B71-D72C-4C1A-9FA2-6A2A1290C0E7}
		{AE9D9404-6CA1-49E2-BA22-45BA1943CA9F} = {AE9D9404-6CA1-49E2-BA22-45BA1943CA9F}
		{B1E3C61A-C8FC-4963-9F8C-24D509EE580C} = {B1E3C61A-C8FC-4963-9F8C-24D509EE580C}
	EndProjectSection
EndProject
Project("{2150E333-8FDC-42A3-9474-1A3956D46DE8}") = "Level2", "Level2", "{76834A34-B100-413C-A6C7-467E9FEB9652}"
EndProject
Project("{2150E333-8FDC-42A3-9474-1A3956D46DE8}") = "Level3", "Level3", "{AF505F40-17A7-4AA7-9067-CD32286AA0A9}"
EndProject
Project("{8BC9CEB8-8B4A-11D0-8D11-00A0C91BC942}") = "GameEngineCore", "GameEngineCore\GameEngineCore.vcxproj", "{B1E3C61A-C8FC-4963-9F8C-24D509EE580C}"
	ProjectSection(ProjectDependencies) = postProject
		{43E95582-82FC-46C5-A7CA-7D887CD0432B} = {43E95582-82FC-46C5-A7CA-7D887CD0432B}
		{A4198B71-D72C-4C1A-9FA2-6A2A1290C0E7} = {A4198B71-D72C-4C1A-9FA2-6A2A1290C0E7}
	EndProjectSection
EndProject
Project("{8BC9CEB8-8B4A-11D0-8D11-00A0C91BC942}") = "GameEngineContents", "GameEngineContents\GameEngineContents.vcxproj", "{AE9D9404-6CA1-49E2-BA22-45BA1943CA9F}"
	ProjectSection(ProjectDependencies) = postProject
		{43E95582-82FC-46C5-A7CA-7D887CD0432B} = {43E95582-82FC-46C5-A7CA-7D887CD0432B}
		{A4198B71-D72C-4C1A-9FA2-6A2A1290C0E7} = {A4198B71-D72C-4C1A-9FA2-6A2A1290C0E7}
		{B1E3C61A-C8FC-4963-9F8C-24D509EE580C} = {B1E3C61A-C8FC-4963-9F8C-24D509EE580C}
	EndProjectSection
EndProject
Project("{8BC9CEB8-8B4A-11D0-8D11-00A0C91BC942}") = "GameEngineCoreShader", "GameEngineCoreShader\GameEngineCoreShader.vcxproj", "{02B63468-E569-4E56-AAA3-D398473BAF95}"
EndProject
Project("{8BC9CEB8-8B4A-11D0-8D11-00A0C91BC942}") = "GameEngineContentsShader", "GameEngineContentsShader\GameEngineContentsShader.vcxproj", "{7AA0565A-2FFC-4165-A1F9-202CB31BEEED}"
EndProject
Global
	GlobalSection(SolutionConfigurationPlatforms) = preSolution
		Debug|x64 = Debug|x64
		Debug|x86 = Debug|x86
		Release|x64 = Release|x64
		Release|x86 = Release|x86
	EndGlobalSection
	GlobalSection(ProjectConfigurationPlatforms) = postSolution
		{43E95582-82FC-46C5-A7CA-7D887CD0432B}.Debug|x64.ActiveCfg = Debug|x64
		{43E95582-82FC-46C5-A7CA-7D887CD0432B}.Debug|x64.Build.0 = Debug|x64
		{43E95582-82FC-46C5-A7CA-7D887CD0432B}.Debug|x86.ActiveCfg = Debug|Win32
		{43E95582-82FC-46C5-A7CA-7D887CD0432B}.Debug|x86.Build.0 = Debug|Win32
		{43E95582-82FC-46C5-A7CA-7D887CD0432B}.Release|x64.ActiveCfg = Release|x64
		{43E95582-82FC-46C5-A7CA-7D887CD0432B}.Release|x64.Build.0 = Release|x64
		{43E95582-82FC-46C5-A7CA-7D887CD0432B}.Release|x86.ActiveCfg = Release|Win32
		{43E95582-82FC-46C5-A7CA-7D887CD0432B}.Release|x86.Build.0 = Release|Win32
		{A4198B71-D72C-4C1A-9FA2-6A2A1290C0E7}.Debug|x64.ActiveCfg = Debug|x64
		{A4198B71-D72C-4C1A-9FA2-6A2A1290C0E7}.Debug|x64.Build.0 = Debug|x64
		{A4198B71-D72C-4C1A-9FA2-6A2A1290C0E7}.Debug|x86.ActiveCfg = Debug|Win32
		{A4198B71-D72C-4C1A-9FA2-6A2A1290C0E7}.Debug|x86.Build.0 = Debug|Win32
		{A4198B71-D72C-4C1A-9FA2-6A2A1290C0E7}.Release|x64.ActiveCfg = Release|x64
		{A4198B71-D72C-4C1A-9FA2-6A2A1290C0E7}.Release|x64.Build.0 = Release|x64
		{A4198B71-D72C-4C1A-9FA2-6A2A1290C0E7}.Release|x86.ActiveCfg = Release|Win32
		{A4198B71-D72C-4C1A-9FA2-6A2A1290C0E7}.Release|x86.Build.0 = Release|Win32
		{F84A8B91-47F3-4585-977F-C5A7654DA816}.Debug|x64.ActiveCfg = Debug|x64
		{F84A8B91-47F3-4585-977F-C5A7654DA816}.Debug|x64.Build.0 = Debug|x64
		{F84A8B91-47F3-4585-977F-C5A7654DA816}.Debug|x86.ActiveCfg = Debug|Win32
		{F84A8B91-47F3-4585-977F-C5A7654DA816}.Debug|x86.Build.0 = Debug|Win32
		{F84A8B91-47F3-4585-977F-C5A7654DA816}.Release|x64.ActiveCfg = Release|x64
		{F84A8B91-47F3-4585-977F-C5A7654DA816}.Release|x64.Build.0 = Release|x64
		{F84A8B91-47F3-4585-977F-C5A7654DA816}.Release|x86.ActiveCfg = Release|Win32
		{F84A8B91-47F3-4585-977F-C5A7654DA816}.Release|x86.Build.0 = Release|Win32
		{B1E3C61A-C8FC-4963-9F8C-24D509EE580C}.Debug|x64.ActiveCfg = Debug|x64
		{B1E3C61A-C8FC-4963-9F8C-24D509EE580C}.Debug|x64.Build.0 = Debug|x64
		{B1E3C61A-C8FC-4963-9F8C-24D509EE580C}.Debug|x86.ActiveCfg = Debug|Win32
		{B1E3C61A-C8FC-4963-9F8C-24D509EE580C}.Debug|x86.Build.0 = Debug|Win32
		{B1E3C61A-C8FC-4963-9F8C-24D509EE580C}.Release|x64.ActiveCfg = Release|x64
		{B1E3C61A-C8FC-4963-9F8C-24D509EE580C}.Release|x64.Build.0 = Release|x64
		{B1E3C61A-C8FC-4963-9F8C-24D509EE580C}.Release|x86.ActiveCfg = Release|Win32
		{B1E3C61A-C8FC-4963-9F8C-24D509EE580C}.Release|x86.Build.0 = Release|Win32
		{AE9D9404-6CA1-49E2-BA22-45BA1943CA9F}.Debug|x64.ActiveCfg = Debug|x64
		{AE9D9404-6CA1-49E2-BA22-45BA1943CA9F}.Debug|x64.Build.0 = Debug|x64
		{AE9D9404-6CA1-49E2-BA22-45BA1943CA9F}.Debug|x86.ActiveCfg = Debug|Win32
		{AE9D9404-6CA1-49E2-BA22-45BA1943CA9F}.Debug|x86.Build.0 = Debug|Win32
		{AE9D9404-6CA1-49E2-BA22-45BA1943CA9F}.Release|x64.ActiveCfg = Release|x64
		{AE9D9404-6CA1-49E2-BA22-45BA1943CA9F}.Release|x64.Build.0 = Release|x64
		{AE9D9404-6CA1-49E2-BA22-45BA1943CA9F}.Release|x86.ActiveCfg = Release|Win32
		{AE9D9404-6CA1-49E2-BA22-45BA1943CA9F}.Release|x86.Build.0 = Release|Win32
		{02B63468-E569-4E56-AAA3-D398473BAF95}.Debug|x64.ActiveCfg = Debug|x64
		{02B63468-E569-4E56-AAA3-D398473BAF95}.Debug|x64.Build.0 = Debug|x64
		{02B63468-E569-4E56-AAA3-D398473BAF95}.Debug|x86.ActiveCfg = Debug|Win32
		{02B63468-E569-4E56-AAA3-D398473BAF95}.Debug|x86.Build.0 = Debug|Win32
		{02B63468-E569-4E56-AAA3-D398473BAF95}.Release|x64.ActiveCfg = Release|x64
		{02B63468-E569-4E56-AAA3-D398473BAF95}.Release|x64.Build.0 = Release|x64
		{02B63468-E569-4E56-AAA3-D398473BAF95}.Release|x86.ActiveCfg = Release|Win32
		{02B63468-E569-4E56-AAA3-D398473BAF95}.Release|x86.Build.0 = Release|Win32
		{7AA0565A-2FFC-4165-A1F9-202CB31BEEED}.Debug|x64.ActiveCfg = Debug|x64
		{7AA0565A-2FFC-4165-A1F9-202CB31BEEED}.Debug|x64.Build.0 = Debug|x64
		{7AA0565A-2FFC-4165-A1F9-202CB31BEEED}.Debug|x86.ActiveCfg = Debug|Win32
		{7AA0565A-2FFC-4165-A1F9-202CB31BEEED}.Debug|x86.Build.0 = Debug|Win32
		{7AA0565A-2FFC-4165-A1F9-202CB31BEEED}.Release|x64.ActiveCfg = Release|x64
		{7AA0565A-2FFC-4165-A1F9-202CB31BEEED}.Release|x64.Build.0 = Release|x64
		{7AA0565A-2FFC-4165-A1F9-202CB31BEEED}.Release|x86.ActiveCfg = Release|Win32
		{7AA0565A-2FFC-4165-A1F9-202CB31BEEED}.Release|x86.Build.0 = Release|Win32
	EndGlobalSection
	GlobalSection(SolutionProperties) = preSolution
		HideSolutionNode = FALSE
	EndGlobalSection
	GlobalSection(NestedProjects) = preSolution
		{43E95582-82FC-46C5-A7CA-7D887CD0432B} = {157E6D18-C7EB-4172-8CC1-AF1E5D4CAD52}
		{A4198B71-D72C-4C1A-9FA2-6A2A1290C0E7} = {88F40FB9-13F5-439C-8614-041749809D96}
		{F84A8B91-47F3-4585-977F-C5A7654DA816} = {FC278E70-6CA0-481A-9D55-8C9A5141864F}
		{B1E3C61A-C8FC-4963-9F8C-24D509EE580C} = {76834A34-B100-413C-A6C7-467E9FEB9652}
		{AE9D9404-6CA1-49E2-BA22-45BA1943CA9F} = {AF505F40-17A7-4AA7-9067-CD32286AA0A9}
		{02B63468-E569-4E56-AAA3-D398473BAF95} = {76834A34-B100-413C-A6C7-467E9FEB9652}
		{7AA0565A-2FFC-4165-A1F9-202CB31BEEED} = {AF505F40-17A7-4AA7-9067-CD32286AA0A9}
	EndGlobalSection
	GlobalSection(ExtensibilityGlobals) = postSolution
		SolutionGuid = {C09E5C6A-1E91-4F5F-8A34-E7A2E552BF6F}
	EndGlobalSection
EndGlobal
