<?xml version="1.0" encoding="utf-8"?>
<Project ToolsVersion="4.0" xmlns="http://schemas.microsoft.com/developer/msbuild/2003">
  <ItemGroup>
    <Filter Include="0.Data">
      <UniqueIdentifier>{e68a091e-7f5d-44c8-ad73-3e6c5ed38130}</UniqueIdentifier>
    </Filter>
    <Filter Include="0.Data\Event">
      <UniqueIdentifier>{d6185931-d786-41fd-aa66-607939952af7}</UniqueIdentifier>
    </Filter>
    <Filter Include="0.Data\Contents">
      <UniqueIdentifier>{c36b20f2-db1b-4ff2-a7c5-f87a75e9af74}</UniqueIdentifier>
    </Filter>
    <Filter Include="1.Global">
      <UniqueIdentifier>{ab10a2eb-9b67-4702-ba81-0ac60c48954b}</UniqueIdentifier>
    </Filter>
    <Filter Include="99.PreCompile">
      <UniqueIdentifier>{fc73cb97-b3e5-40f0-8e1b-8a3c3e01b6e9}</UniqueIdentifier>
    </Filter>
    <Filter Include="100.Z_Test">
      <UniqueIdentifier>{28c5e6b7-3d61-4e52-9da5-0792cbf15b56}</UniqueIdentifier>
    </Filter>
    <Filter Include="10.GUI">
      <UniqueIdentifier>{e46d9387-1ff9-4b37-8619-99bd369e6432}</UniqueIdentifier>
    </Filter>
    <Filter Include="100.Z_Test\0.Level">
      <UniqueIdentifier>{b11e4423-561b-42c5-8cc9-d5076dfd357d}</UniqueIdentifier>
    </Filter>
    <Filter Include="PixelCollision">
      <UniqueIdentifier>{8a668e94-d491-4242-b5ac-e210bb340594}</UniqueIdentifier>
    </Filter>
    <Filter Include="Rendering">
      <UniqueIdentifier>{5453e01f-eb5f-42b2-b353-29bd4e644d5b}</UniqueIdentifier>
    </Filter>
    <Filter Include="Rendering\Effect">
      <UniqueIdentifier>{44106ce4-14e0-4893-be3f-c26a2c93aaea}</UniqueIdentifier>
    </Filter>
    <Filter Include="2.Level">
      <UniqueIdentifier>{f02306f0-0006-4330-8e1a-573ac0772b0b}</UniqueIdentifier>
    </Filter>
    <Filter Include="2.Level\0.MapEditor">
      <UniqueIdentifier>{8beecefb-6bb4-421d-a163-ded3fcdc47cb}</UniqueIdentifier>
    </Filter>
    <Filter Include="2.Level\1.Title">
      <UniqueIdentifier>{f79ab025-8b50-47fd-841a-094cf7f1a7c2}</UniqueIdentifier>
    </Filter>
    <Filter Include="2.Level\2.Play">
      <UniqueIdentifier>{d0617ffd-092d-4dff-a017-0e13d99ea0c3}</UniqueIdentifier>
    </Filter>
    <Filter Include="2.Level\2.Play\0.PlayLevel">
      <UniqueIdentifier>{eb7e8940-98e6-40e6-8058-8b6bcf5de5a8}</UniqueIdentifier>
    </Filter>
    <Filter Include="2.Level\2.Play\1.Witch">
      <UniqueIdentifier>{67796efb-dcac-4094-b207-3ec3be5f5e3a}</UniqueIdentifier>
    </Filter>
    <Filter Include="2.Level\2.Play\2.Field">
      <UniqueIdentifier>{1a37cb28-ca1d-4d4b-8802-a9b71bc9a4d4}</UniqueIdentifier>
    </Filter>
    <Filter Include="2.Level\10.EndLevel">
      <UniqueIdentifier>{3bbcd76f-d498-4911-9dac-d445793b19c6}</UniqueIdentifier>
    </Filter>
    <Filter Include="3.Actor">
      <UniqueIdentifier>{360830e7-99e1-4cdb-9d9a-8f9bf6595ee4}</UniqueIdentifier>
    </Filter>
    <Filter Include="3.Actor\0.Manager">
      <UniqueIdentifier>{b732b33f-6af9-4d40-9843-247a8b72b149}</UniqueIdentifier>
    </Filter>
    <Filter Include="3.Actor\0.Manager\CameraManager">
      <UniqueIdentifier>{3da40812-f87f-42d4-a5dc-a3009049d1dc}</UniqueIdentifier>
    </Filter>
    <Filter Include="3.Actor\0.Manager\UIManager">
      <UniqueIdentifier>{d2b381de-2a91-4ff0-aa8e-5f557243566d}</UniqueIdentifier>
    </Filter>
    <Filter Include="3.Actor\0.Manager\UIManager\1.Inventory">
      <UniqueIdentifier>{1fd64459-b75a-45b6-b280-4dd714bded5e}</UniqueIdentifier>
    </Filter>
    <Filter Include="3.Actor\0.Manager\UIManager\1.Inventory\DropManager">
      <UniqueIdentifier>{19127daf-627f-4b09-965e-1769ea63e8c4}</UniqueIdentifier>
    </Filter>
    <Filter Include="3.Actor\0.Manager\UIManager\2.Dictionary">
      <UniqueIdentifier>{f24e5439-5690-4157-a820-1561f4c7bfe1}</UniqueIdentifier>
    </Filter>
    <Filter Include="3.Actor\0.Manager\UIManager\3.Hub">
      <UniqueIdentifier>{ed8f7f06-bf58-4ee8-9b5b-87e9ec76e89a}</UniqueIdentifier>
    </Filter>
    <Filter Include="3.Actor\0.Manager\UIManager\4.MainBoard">
      <UniqueIdentifier>{610a2b47-4245-400e-aec0-f447dc115bb5}</UniqueIdentifier>
    </Filter>
    <Filter Include="3.Actor\0.Manager\UIManager\5.Mark">
      <UniqueIdentifier>{a63f72c0-aeac-45f3-8c3d-1b4e748e4631}</UniqueIdentifier>
    </Filter>
    <Filter Include="3.Actor\0.Manager\TimeManager">
      <UniqueIdentifier>{ddb41d3c-8035-4c91-b4de-494da1d588ce}</UniqueIdentifier>
    </Filter>
    <Filter Include="3.Actor\0.Manager\ConversationManager">
      <UniqueIdentifier>{e54c52c1-9599-4afe-9bcd-e96089ca9062}</UniqueIdentifier>
    </Filter>
    <Filter Include="3.Actor\0.Manager\AlertManager">
      <UniqueIdentifier>{e86bc8e0-b21f-4dd1-88ce-35732e7132fc}</UniqueIdentifier>
    </Filter>
    <Filter Include="3.Actor\1.BackManager">
      <UniqueIdentifier>{1b0dee99-207d-445b-aa25-16e8f1c21756}</UniqueIdentifier>
    </Filter>
    <Filter Include="3.Actor\2.Interactive">
      <UniqueIdentifier>{e2fea63f-3b07-4ea3-a0c6-8afed64b65e4}</UniqueIdentifier>
    </Filter>
    <Filter Include="3.Actor\2.Interactive\Dynamic">
      <UniqueIdentifier>{fc8d6363-d437-4520-b8e0-4457fcf0bd71}</UniqueIdentifier>
    </Filter>
    <Filter Include="3.Actor\2.Interactive\Dynamic\Ellie">
      <UniqueIdentifier>{cbb55847-2201-4890-b2cb-4340bd12c511}</UniqueIdentifier>
    </Filter>
    <Filter Include="3.Actor\2.Interactive\Dynamic\Ellie\Broom">
      <UniqueIdentifier>{53d7c11a-9686-454b-9dc1-ad1451b99e92}</UniqueIdentifier>
    </Filter>
    <Filter Include="3.Actor\2.Interactive\Dynamic\Ellie\Broom\Ride_Particle">
      <UniqueIdentifier>{989c26f1-1f17-4d7e-8449-823531de4c78}</UniqueIdentifier>
    </Filter>
    <Filter Include="3.Actor\2.Interactive\Dynamic\Ellie\Broom\Ride_Fx">
      <UniqueIdentifier>{2f14f9c3-c420-477c-99e0-bf1cc2395e0b}</UniqueIdentifier>
    </Filter>
    <Filter Include="3.Actor\2.Interactive\Dynamic\MongSiri">
      <UniqueIdentifier>{523ad1c7-d8ca-4084-bf97-71f810474987}</UniqueIdentifier>
    </Filter>
    <Filter Include="3.Actor\2.Interactive\Dynamic\MongSiri\Population">
      <UniqueIdentifier>{b0b918d1-638e-439e-a55e-6dceadad57d3}</UniqueIdentifier>
    </Filter>
    <Filter Include="3.Actor\2.Interactive\Dynamic\FlowerBird">
      <UniqueIdentifier>{ad4ce8be-aa5d-44c8-a8ab-c71dd46a39f5}</UniqueIdentifier>
    </Filter>
    <Filter Include="3.Actor\2.Interactive\Dynamic\BushBug">
      <UniqueIdentifier>{890513e6-3068-46f2-b365-e4e5f838e0e6}</UniqueIdentifier>
    </Filter>
    <Filter Include="3.Actor\2.Interactive\Dynamic\PumpkinTerrier">
      <UniqueIdentifier>{d8a4f972-b663-4186-8e67-0b79a54b9061}</UniqueIdentifier>
    </Filter>
    <Filter Include="3.Actor\2.Interactive\Static">
      <UniqueIdentifier>{79b1724d-f04f-4846-87e0-60822123a1e0}</UniqueIdentifier>
    </Filter>
    <Filter Include="3.Actor\2.Interactive\Static\Machine">
      <UniqueIdentifier>{811fba09-69f6-46d6-b46f-4895c7831399}</UniqueIdentifier>
    </Filter>
    <Filter Include="3.Actor\2.Interactive\Static\Machine\AlchemyPot">
      <UniqueIdentifier>{357ed98c-4644-4ffe-b672-7f1cdf4ed2d7}</UniqueIdentifier>
    </Filter>
    <Filter Include="3.Actor\2.Interactive\Static\Machine\AlchemyPot\Dispensation">
      <UniqueIdentifier>{1a53decc-91e0-44c8-8a7e-9b5303e3107f}</UniqueIdentifier>
    </Filter>
    <Filter Include="3.Actor\2.Interactive\Static\Machine\Extractor">
      <UniqueIdentifier>{e7c61f69-627e-4b25-836a-f077f5c22092}</UniqueIdentifier>
    </Filter>
    <Filter Include="3.Actor\2.Interactive\Static\Machine\Extractor\Process">
      <UniqueIdentifier>{cc575566-e52c-4962-86a2-d02d86b8676f}</UniqueIdentifier>
    </Filter>
    <Filter Include="3.Actor\2.Interactive\Static\Bush">
      <UniqueIdentifier>{9958f0f4-d110-480b-9a2d-e3753ed5311f}</UniqueIdentifier>
    </Filter>
    <Filter Include="3.Actor\2.Interactive\Static\Plant">
      <UniqueIdentifier>{aabcb491-481d-4380-a119-aabdaa014822}</UniqueIdentifier>
    </Filter>
    <Filter Include="3.Actor\2.Interactive\Static\BranchTree">
      <UniqueIdentifier>{26f52f03-9544-4cb9-9bed-b4d5ab4198e5}</UniqueIdentifier>
    </Filter>
    <Filter Include="3.Actor\2.Interactive\NPC">
      <UniqueIdentifier>{c1a15aa1-75f1-4523-8683-9d4e21a1ffb7}</UniqueIdentifier>
    </Filter>
    <Filter Include="3.Actor\3.Prop">
      <UniqueIdentifier>{bcf057dd-e7fe-4c0b-9aeb-089a080e4283}</UniqueIdentifier>
    </Filter>
    <Filter Include="3.Actor\3.Prop\Train">
      <UniqueIdentifier>{9bea090b-73fd-4f04-98b6-027d841b716f}</UniqueIdentifier>
    </Filter>
    <Filter Include="3.Actor\3.Prop\House">
      <UniqueIdentifier>{c47acfb0-8a98-4f83-9aa1-09c2a53dea1e}</UniqueIdentifier>
    </Filter>
    <Filter Include="3.Actor\3.Prop\Tunnel">
      <UniqueIdentifier>{e201ae36-8db8-4f61-9102-12e0ccfe7975}</UniqueIdentifier>
    </Filter>
    <Filter Include="3.Actor\3.Prop\Title">
      <UniqueIdentifier>{f3d3c48f-46d3-4187-9a1c-5f7b3a396b4f}</UniqueIdentifier>
    </Filter>
    <Filter Include="3.Actor\3.Prop\ChainProp">
      <UniqueIdentifier>{0f62d58a-a574-4224-8eb5-e76b602e9369}</UniqueIdentifier>
    </Filter>
    <Filter Include="3.Actor\3.Prop\RenderActor">
      <UniqueIdentifier>{b1f72141-7171-43b8-b966-51229b0ecce1}</UniqueIdentifier>
    </Filter>
    <Filter Include="3.Actor\4.Portal">
      <UniqueIdentifier>{0b367fee-0d15-47ce-83bf-b9af5cab23d3}</UniqueIdentifier>
    </Filter>
    <Filter Include="3.Actor\2.Interactive\NPC\Aurea">
      <UniqueIdentifier>{3578f941-8de8-41f5-b58b-4137b0dd72f3}</UniqueIdentifier>
    </Filter>
    <Filter Include="3.Actor\2.Interactive\Static\Plant\SilverBellFlower">
      <UniqueIdentifier>{ef2cf91a-b5b9-4066-a22c-448abcd8977f}</UniqueIdentifier>
    </Filter>
    <Filter Include="3.Actor\1.BackManager\1.MainMenu">
      <UniqueIdentifier>{e95f5b82-f9b3-4125-9c6f-0af11164f6dc}</UniqueIdentifier>
    </Filter>
    <Filter Include="3.Actor\1.BackManager\2.Play">
      <UniqueIdentifier>{7225245d-3e89-4098-9cfd-3cfb1d98b3d0}</UniqueIdentifier>
    </Filter>
    <Filter Include="3.Actor\1.BackManager\2.Play\Yard">
      <UniqueIdentifier>{9b1df275-f0ef-483d-b8d9-45c1837233dc}</UniqueIdentifier>
    </Filter>
    <Filter Include="3.Actor\1.BackManager\2.Play\CenterField">
      <UniqueIdentifier>{11d30a68-7047-48f3-810a-b975f15773e1}</UniqueIdentifier>
    </Filter>
    <Filter Include="100.Z_Test\Effect">
      <UniqueIdentifier>{ff7ca997-bcf9-4aa5-a743-8142eecac38c}</UniqueIdentifier>
    </Filter>
    <Filter Include="3.Actor\5.Event">
      <UniqueIdentifier>{2a2e54c6-cae2-4438-8f5a-6a7525b9396b}</UniqueIdentifier>
    </Filter>
    <Filter Include="3.Actor\2.Interactive\Static\LootedItem">
      <UniqueIdentifier>{b6d2005a-f0e8-4da1-acd3-a2da54859902}</UniqueIdentifier>
    </Filter>
    <Filter Include="3.Actor\2.Interactive\Static\Letter">
      <UniqueIdentifier>{3b14c426-c2d7-4ad5-877c-3e5211f4e208}</UniqueIdentifier>
    </Filter>
    <Filter Include="3.Actor\6.Fx">
      <UniqueIdentifier>{b122b208-6ffc-4cda-a312-00519f376a15}</UniqueIdentifier>
    </Filter>
    <Filter Include="3.Actor\7.UI">
      <UniqueIdentifier>{5e5632f7-a19b-44da-a59b-7eb2b399937c}</UniqueIdentifier>
    </Filter>
    <Filter Include="3.Actor\2.Interactive\Static\Dust">
      <UniqueIdentifier>{db8df703-58b8-401b-bbb9-81f78c5a5d4c}</UniqueIdentifier>
    </Filter>
    <Filter Include="Rendering\Renderer">
      <UniqueIdentifier>{b71b1228-45b1-49bf-9216-c4f6589117ee}</UniqueIdentifier>
    </Filter>
    <Filter Include="3.Actor\5.Event\SingleEvent">
      <UniqueIdentifier>{211ecfb2-dbda-428b-bc2f-3ac27f8a982e}</UniqueIdentifier>
    </Filter>
    <Filter Include="3.Actor\2.Interactive\Static\WitchLift">
      <UniqueIdentifier>{f961e473-ad3f-40ed-a9da-f310ed861eeb}</UniqueIdentifier>
    </Filter>
  </ItemGroup>
  <ItemGroup>
    <ClInclude Include="PreCompile.h">
      <Filter>99.PreCompile</Filter>
    </ClInclude>
    <ClInclude Include="ContentsCore.h" />
    <ClInclude Include="GlobalUtils.h">
      <Filter>1.Global</Filter>
    </ClInclude>
    <ClInclude Include="GlobalValue.h">
      <Filter>1.Global</Filter>
    </ClInclude>
    <ClInclude Include="ContentsEnum.h">
      <Filter>1.Global</Filter>
    </ClInclude>
    <ClInclude Include="MainMenu_Trains.h">
      <Filter>3.Actor\3.Prop\Train</Filter>
    </ClInclude>
    <ClInclude Include="TrainPart.h">
      <Filter>3.Actor\3.Prop\Train</Filter>
    </ClInclude>
    <ClInclude Include="InteractiveActor.h">
      <Filter>3.Actor\2.Interactive</Filter>
    </ClInclude>
    <ClInclude Include="Ellie.h">
      <Filter>3.Actor\2.Interactive\Dynamic\Ellie</Filter>
    </ClInclude>
    <ClInclude Include="GlobalLoad.h">
      <Filter>1.Global</Filter>
    </ClInclude>
    <ClInclude Include="Field_Center.h">
      <Filter>2.Level\2.Play\2.Field</Filter>
    </ClInclude>
    <ClInclude Include="MainMenu.h">
      <Filter>2.Level\1.Title</Filter>
    </ClInclude>
    <ClInclude Include="WitchHouse_Yard.h">
      <Filter>2.Level\2.Play\1.Witch</Filter>
    </ClInclude>
    <ClInclude Include="WitchHouse_UpFloor.h">
      <Filter>2.Level\2.Play\1.Witch</Filter>
    </ClInclude>
    <ClInclude Include="WitchHouse_DownFloor.h">
      <Filter>2.Level\2.Play\1.Witch</Filter>
    </ClInclude>
    <ClInclude Include="DynamicEntity.h">
      <Filter>3.Actor\2.Interactive\Dynamic</Filter>
    </ClInclude>
    <ClInclude Include="StaticEntity.h">
      <Filter>3.Actor\2.Interactive\Static</Filter>
    </ClInclude>
    <ClInclude Include="UIManager.h">
      <Filter>3.Actor\0.Manager\UIManager</Filter>
    </ClInclude>
    <ClInclude Include="UIEnum.h">
      <Filter>3.Actor\0.Manager\UIManager</Filter>
    </ClInclude>
    <ClInclude Include="UI_Inventory.h">
      <Filter>3.Actor\0.Manager\UIManager\1.Inventory</Filter>
    </ClInclude>
    <ClInclude Include="UI_Hub.h">
      <Filter>3.Actor\0.Manager\UIManager\3.Hub</Filter>
    </ClInclude>
    <ClInclude Include="UI_DictionaryPage.h">
      <Filter>3.Actor\0.Manager\UIManager\2.Dictionary</Filter>
    </ClInclude>
    <ClInclude Include="UI_Dictionary.h">
      <Filter>3.Actor\0.Manager\UIManager\2.Dictionary</Filter>
    </ClInclude>
    <ClInclude Include="UI_BiologyPage.h">
      <Filter>3.Actor\0.Manager\UIManager\2.Dictionary</Filter>
    </ClInclude>
    <ClInclude Include="UI_ToggleActor.h">
      <Filter>3.Actor\0.Manager\UIManager</Filter>
    </ClInclude>
    <ClInclude Include="UI_ProductPage.h">
      <Filter>3.Actor\0.Manager\UIManager\2.Dictionary</Filter>
    </ClInclude>
    <ClInclude Include="CameraControler.h">
      <Filter>3.Actor\0.Manager\CameraManager</Filter>
    </ClInclude>
    <ClInclude Include="UI_Hub_Broom.h">
      <Filter>3.Actor\0.Manager\UIManager\3.Hub</Filter>
    </ClInclude>
    <ClInclude Include="UI_Hub_QuickSlot.h">
      <Filter>3.Actor\0.Manager\UIManager\3.Hub</Filter>
    </ClInclude>
    <ClInclude Include="UI_Hub_Tool.h">
      <Filter>3.Actor\0.Manager\UIManager\3.Hub</Filter>
    </ClInclude>
    <ClInclude Include="UI_Hub_Stamina.h">
      <Filter>3.Actor\0.Manager\UIManager\3.Hub</Filter>
    </ClInclude>
    <ClInclude Include="UI_Hub_Actor.h">
      <Filter>3.Actor\0.Manager\UIManager\3.Hub</Filter>
    </ClInclude>
    <ClInclude Include="ContentsEvent.h">
      <Filter>0.Data\Event</Filter>
    </ClInclude>
    <ClInclude Include="ProductRecipeData.h">
      <Filter>0.Data\Contents</Filter>
    </ClInclude>
    <ClInclude Include="BiologyData.h">
      <Filter>0.Data\Contents</Filter>
    </ClInclude>
    <ClInclude Include="ContentsResource.h">
      <Filter>0.Data\Contents</Filter>
    </ClInclude>
    <ClInclude Include="IngredientData.h">
      <Filter>0.Data\Contents</Filter>
    </ClInclude>
    <ClInclude Include="Roaster.h">
      <Filter>3.Actor\2.Interactive\Static\Machine</Filter>
    </ClInclude>
    <ClInclude Include="UI_InterativeMark.h">
      <Filter>3.Actor\0.Manager\UIManager\5.Mark</Filter>
    </ClInclude>
    <ClInclude Include="BackDrop_WitchHouse_DownFloor.h">
      <Filter>3.Actor\1.BackManager\2.Play</Filter>
    </ClInclude>
    <ClInclude Include="BackDrop_WitchHouse_UpFloor.h">
      <Filter>3.Actor\1.BackManager\2.Play</Filter>
    </ClInclude>
    <ClInclude Include="BackDrop_MainMenu.h">
      <Filter>3.Actor\1.BackManager\1.MainMenu</Filter>
    </ClInclude>
    <ClInclude Include="BackDrop_PlayLevel.h">
      <Filter>3.Actor\1.BackManager\2.Play</Filter>
    </ClInclude>
    <ClInclude Include="ItemData.h">
      <Filter>0.Data\Contents</Filter>
    </ClInclude>
    <ClInclude Include="MongSiri.h">
      <Filter>3.Actor\2.Interactive\Dynamic\MongSiri</Filter>
    </ClInclude>
    <ClInclude Include="Bush.h">
      <Filter>3.Actor\2.Interactive\Static\Bush</Filter>
    </ClInclude>
    <ClInclude Include="WitchFlower.h">
      <Filter>3.Actor\2.Interactive\Static\Plant</Filter>
    </ClInclude>
    <ClInclude Include="Plant.h">
      <Filter>3.Actor\2.Interactive\Static\Plant</Filter>
    </ClInclude>
    <ClInclude Include="FlowerBird.h">
      <Filter>3.Actor\2.Interactive\Dynamic\FlowerBird</Filter>
    </ClInclude>
    <ClInclude Include="BushBug.h">
      <Filter>3.Actor\2.Interactive\Dynamic\BushBug</Filter>
    </ClInclude>
    <ClInclude Include="BroomParticle.h">
      <Filter>3.Actor\2.Interactive\Dynamic\Ellie\Broom\Ride_Particle</Filter>
    </ClInclude>
    <ClInclude Include="PlayLevel.h">
      <Filter>2.Level\2.Play\0.PlayLevel</Filter>
    </ClInclude>
    <ClInclude Include="PortalObject.h">
      <Filter>3.Actor\4.Portal</Filter>
    </ClInclude>
    <ClInclude Include="ContentsGUI.h">
      <Filter>10.GUI</Filter>
    </ClInclude>
    <ClInclude Include="Dian.h">
      <Filter>3.Actor\2.Interactive\NPC</Filter>
    </ClInclude>
    <ClInclude Include="PumpkinTerrier.h">
      <Filter>3.Actor\2.Interactive\Dynamic\PumpkinTerrier</Filter>
    </ClInclude>
    <ClInclude Include="WitchHouse.h">
      <Filter>3.Actor\3.Prop\House</Filter>
    </ClInclude>
    <ClInclude Include="LogoLevel.h">
      <Filter>2.Level\1.Title</Filter>
    </ClInclude>
    <ClInclude Include="FadeObject.h">
      <Filter>1.Global</Filter>
    </ClInclude>
    <ClInclude Include="Tunnel.h">
      <Filter>3.Actor\3.Prop\Tunnel</Filter>
    </ClInclude>
    <ClInclude Include="TitleUI.h">
      <Filter>3.Actor\3.Prop\Title</Filter>
    </ClInclude>
    <ClInclude Include="ChainProp.h">
      <Filter>3.Actor\3.Prop\ChainProp</Filter>
    </ClInclude>
    <ClInclude Include="SequentialProp.h">
      <Filter>3.Actor\3.Prop\ChainProp</Filter>
    </ClInclude>
    <ClInclude Include="UI_DropManager.h">
      <Filter>3.Actor\0.Manager\UIManager\1.Inventory\DropManager</Filter>
    </ClInclude>
    <ClInclude Include="UI_Drop.h">
      <Filter>3.Actor\0.Manager\UIManager\1.Inventory\DropManager</Filter>
    </ClInclude>
    <ClInclude Include="TestLevel.h">
      <Filter>100.Z_Test\0.Level</Filter>
    </ClInclude>
    <ClInclude Include="MongSiri_Population.h">
      <Filter>3.Actor\2.Interactive\Dynamic\MongSiri\Population</Filter>
    </ClInclude>
    <ClInclude Include="ChubHole.h">
      <Filter>3.Actor\2.Interactive\Dynamic\MongSiri\Population</Filter>
    </ClInclude>
    <ClInclude Include="BranchTree.h">
      <Filter>3.Actor\2.Interactive\Static\BranchTree</Filter>
    </ClInclude>
    <ClInclude Include="UI_Dispensation.h">
      <Filter>3.Actor\2.Interactive\Static\Machine\AlchemyPot\Dispensation</Filter>
    </ClInclude>
    <ClInclude Include="AlchemyPot.h">
      <Filter>3.Actor\2.Interactive\Static\Machine\AlchemyPot</Filter>
    </ClInclude>
    <ClInclude Include="UI_ProcessManager.h">
      <Filter>3.Actor\2.Interactive\Static\Machine\Extractor\Process</Filter>
    </ClInclude>
    <ClInclude Include="Extractor.h">
      <Filter>3.Actor\2.Interactive\Static\Machine\Extractor</Filter>
    </ClInclude>
    <ClInclude Include="UI_ProcessList.h">
      <Filter>3.Actor\2.Interactive\Static\Machine\Extractor\Process</Filter>
    </ClInclude>
    <ClInclude Include="UI_ProcessListUnit.h">
      <Filter>3.Actor\2.Interactive\Static\Machine\Extractor\Process</Filter>
    </ClInclude>
    <ClInclude Include="UI_ProcessB.h">
      <Filter>3.Actor\2.Interactive\Static\Machine\Extractor\Process</Filter>
    </ClInclude>
    <ClInclude Include="MapEditorLevel.h">
      <Filter>2.Level\0.MapEditor</Filter>
    </ClInclude>
    <ClInclude Include="MouseManager.h">
      <Filter>2.Level\0.MapEditor</Filter>
    </ClInclude>
    <ClInclude Include="TimeManager.h">
      <Filter>3.Actor\0.Manager\TimeManager</Filter>
    </ClInclude>
    <ClInclude Include="SkyLerp.h">
      <Filter>3.Actor\0.Manager\TimeManager</Filter>
    </ClInclude>
    <ClInclude Include="Conversation.h">
      <Filter>3.Actor\0.Manager\ConversationManager</Filter>
    </ClInclude>
    <ClInclude Include="NPCEntity.h">
      <Filter>3.Actor\2.Interactive\NPC</Filter>
    </ClInclude>
    <ClInclude Include="UI_Conversation.h">
      <Filter>3.Actor\0.Manager\ConversationManager</Filter>
    </ClInclude>
    <ClInclude Include="BackDrop_WitchHouse_Yard.h">
      <Filter>3.Actor\1.BackManager\2.Play\Yard</Filter>
    </ClInclude>
    <ClInclude Include="FieldLevel.h">
      <Filter>2.Level\2.Play\0.PlayLevel</Filter>
    </ClInclude>
    <ClInclude Include="EndLevel.h">
      <Filter>2.Level\10.EndLevel</Filter>
    </ClInclude>
    <ClInclude Include="GroundRenderUnit.h">
      <Filter>3.Actor\3.Prop\RenderActor</Filter>
    </ClInclude>
    <ClInclude Include="NormalProp.h">
      <Filter>3.Actor\3.Prop\RenderActor</Filter>
    </ClInclude>
    <ClInclude Include="Prop.h">
      <Filter>3.Actor\3.Prop\RenderActor</Filter>
    </ClInclude>
    <ClInclude Include="RendererActor.h">
      <Filter>3.Actor\3.Prop\RenderActor</Filter>
    </ClInclude>
    <ClInclude Include="Scenery.h">
      <Filter>3.Actor\3.Prop\RenderActor</Filter>
    </ClInclude>
    <ClInclude Include="AlertManager.h">
      <Filter>3.Actor\0.Manager\AlertManager</Filter>
    </ClInclude>
    <ClInclude Include="UI_Alert_Quest.h">
      <Filter>3.Actor\0.Manager\AlertManager</Filter>
    </ClInclude>
    <ClInclude Include="UI_Alert_Enter.h">
      <Filter>3.Actor\0.Manager\AlertManager</Filter>
    </ClInclude>
    <ClInclude Include="UI_Alert_Base.h">
      <Filter>3.Actor\0.Manager\AlertManager</Filter>
    </ClInclude>
    <ClInclude Include="UI_Alert_Tutorial.h">
      <Filter>3.Actor\0.Manager\AlertManager</Filter>
    </ClInclude>
    <ClInclude Include="UI_Hub_Calender.h">
      <Filter>3.Actor\0.Manager\UIManager\3.Hub</Filter>
    </ClInclude>
    <ClInclude Include="ALightLerp.h">
      <Filter>3.Actor\0.Manager\AlertManager</Filter>
    </ClInclude>
    <ClInclude Include="RidingFx.h">
      <Filter>3.Actor\2.Interactive\Dynamic\Ellie\Broom\Ride_Fx</Filter>
    </ClInclude>
    <ClInclude Include="UI_MainMenu_Button.h">
      <Filter>3.Actor\1.BackManager\1.MainMenu</Filter>
    </ClInclude>
    <ClInclude Include="PixelCollision.h">
      <Filter>PixelCollision</Filter>
    </ClInclude>
    <ClInclude Include="BackDrop_Field.h">
      <Filter>3.Actor\1.BackManager\2.Play</Filter>
    </ClInclude>
    <ClInclude Include="ContentsLevel.h">
      <Filter>2.Level</Filter>
    </ClInclude>
    <ClInclude Include="ActorEnum.h">
      <Filter>3.Actor</Filter>
    </ClInclude>
    <ClInclude Include="SkyLightEffect.h">
      <Filter>Rendering\Effect</Filter>
    </ClInclude>
    <ClInclude Include="EffectEnum.h">
      <Filter>Rendering\Effect</Filter>
    </ClInclude>
    <ClInclude Include="BackDrop_CenterField.h">
      <Filter>3.Actor\1.BackManager\2.Play\CenterField</Filter>
    </ClInclude>
    <ClInclude Include="Aurea.h">
      <Filter>3.Actor\2.Interactive\NPC\Aurea</Filter>
    </ClInclude>
    <ClInclude Include="SilverStarPollen.h">
      <Filter>3.Actor\2.Interactive\Static\Plant\SilverBellFlower</Filter>
    </ClInclude>
    <ClInclude Include="SilverStarFlower.h">
      <Filter>3.Actor\2.Interactive\Static\Plant\SilverBellFlower</Filter>
    </ClInclude>
    <ClInclude Include="SilverBellSpawner.h">
      <Filter>3.Actor\2.Interactive\Static\Plant\SilverBellFlower</Filter>
    </ClInclude>
    <ClInclude Include="OutLineEffect.h">
      <Filter>Rendering\Effect</Filter>
    </ClInclude>
    <ClInclude Include="BackDrop.h">
      <Filter>3.Actor\1.BackManager</Filter>
    </ClInclude>
    <ClInclude Include="PlayerEffect.h">
      <Filter>100.Z_Test\Effect</Filter>
    </ClInclude>
    <ClInclude Include="CrowEvent.h">
      <Filter>3.Actor\5.Event</Filter>
    </ClInclude>
    <ClInclude Include="AureaFindEvent.h">
      <Filter>3.Actor\5.Event</Filter>
    </ClInclude>
    <ClInclude Include="LootedItem.h">
      <Filter>3.Actor\2.Interactive\Static\LootedItem</Filter>
    </ClInclude>
    <ClInclude Include="InteractiveLetter.h">
      <Filter>3.Actor\2.Interactive\Static\Letter</Filter>
    </ClInclude>
    <ClInclude Include="DustFx.h">
      <Filter>3.Actor\6.Fx</Filter>
    </ClInclude>
    <ClInclude Include="UI_Frame.h">
      <Filter>3.Actor\7.UI</Filter>
    </ClInclude>
    <ClInclude Include="Dust.h">
      <Filter>3.Actor\2.Interactive\Static\Dust</Filter>
    </ClInclude>
    <ClInclude Include="Dust_HandBook.h">
      <Filter>3.Actor\2.Interactive\Static\Dust</Filter>
    </ClInclude>
    <ClInclude Include="Dust_Bag.h">
      <Filter>3.Actor\2.Interactive\Static\Dust</Filter>
    </ClInclude>
    <ClInclude Include="Dust_Elevator.h">
      <Filter>3.Actor\2.Interactive\Static\Dust</Filter>
    </ClInclude>
    <ClInclude Include="ContentsSpriteRenderer.h">
      <Filter>Rendering\Renderer</Filter>
    </ClInclude>
    <ClInclude Include="ContentsUIRenderer.h">
      <Filter>Rendering\Renderer</Filter>
    </ClInclude>
    <ClInclude Include="Dust_Pot.h">
      <Filter>3.Actor\2.Interactive\Static\Dust</Filter>
    </ClInclude>
    <ClInclude Include="Dust_Extractor.h">
      <Filter>3.Actor\2.Interactive\Static\Dust</Filter>
    </ClInclude>
    <ClInclude Include="SingleEvent.h">
      <Filter>3.Actor\5.Event\SingleEvent</Filter>
    </ClInclude>
    <ClInclude Include="HouseDustEvent.h">
      <Filter>3.Actor\5.Event\SingleEvent</Filter>
    </ClInclude>
    <ClInclude Include="WorkplaceFindEvent.h">
      <Filter>3.Actor\5.Event\SingleEvent</Filter>
    </ClInclude>
    <ClInclude Include="CraftPotionEvent.h">
      <Filter>3.Actor\5.Event\SingleEvent</Filter>
    </ClInclude>
    <ClInclude Include="LowerLift.h">
      <Filter>3.Actor\2.Interactive\Static\WitchLift</Filter>
    </ClInclude>
    <ClInclude Include="UpperLift.h">
      <Filter>3.Actor\2.Interactive\Static\WitchLift</Filter>
    </ClInclude>
  </ItemGroup>
  <ItemGroup>
    <ClCompile Include="PreCompile.cpp">
      <Filter>99.PreCompile</Filter>
    </ClCompile>
    <ClCompile Include="ContentsCore.cpp" />
    <ClCompile Include="GlobalUtils.cpp">
      <Filter>1.Global</Filter>
    </ClCompile>
    <ClCompile Include="GlobalValue.cpp">
      <Filter>1.Global</Filter>
    </ClCompile>
    <ClCompile Include="MainMenu_Trains.cpp">
      <Filter>3.Actor\3.Prop\Train</Filter>
    </ClCompile>
    <ClCompile Include="TrainPart.cpp">
      <Filter>3.Actor\3.Prop\Train</Filter>
    </ClCompile>
    <ClCompile Include="InteractiveActor.cpp">
      <Filter>3.Actor\2.Interactive</Filter>
    </ClCompile>
    <ClCompile Include="Ellie.cpp">
      <Filter>3.Actor\2.Interactive\Dynamic\Ellie</Filter>
    </ClCompile>
    <ClCompile Include="GlobalLoad.cpp">
      <Filter>1.Global</Filter>
    </ClCompile>
    <ClCompile Include="Ellie_State.cpp">
      <Filter>3.Actor\2.Interactive\Dynamic\Ellie</Filter>
    </ClCompile>
    <ClCompile Include="Field_Center.cpp">
      <Filter>2.Level\2.Play\2.Field</Filter>
    </ClCompile>
    <ClCompile Include="MainMenu.cpp">
      <Filter>2.Level\1.Title</Filter>
    </ClCompile>
    <ClCompile Include="WitchHouse_Yard.cpp">
      <Filter>2.Level\2.Play\1.Witch</Filter>
    </ClCompile>
    <ClCompile Include="WitchHouse_UpFloor.cpp">
      <Filter>2.Level\2.Play\1.Witch</Filter>
    </ClCompile>
    <ClCompile Include="WitchHouse_DownFloor.cpp">
      <Filter>2.Level\2.Play\1.Witch</Filter>
    </ClCompile>
    <ClCompile Include="DynamicEntity.cpp">
      <Filter>3.Actor\2.Interactive\Dynamic</Filter>
    </ClCompile>
    <ClCompile Include="StaticEntity.cpp">
      <Filter>3.Actor\2.Interactive\Static</Filter>
    </ClCompile>
    <ClCompile Include="Ellie_Collision.cpp">
      <Filter>3.Actor\2.Interactive\Dynamic\Ellie</Filter>
    </ClCompile>
    <ClCompile Include="UIManager.cpp">
      <Filter>3.Actor\0.Manager\UIManager</Filter>
    </ClCompile>
    <ClCompile Include="UI_Inventory.cpp">
      <Filter>3.Actor\0.Manager\UIManager\1.Inventory</Filter>
    </ClCompile>
    <ClCompile Include="UI_Hub.cpp">
      <Filter>3.Actor\0.Manager\UIManager\3.Hub</Filter>
    </ClCompile>
    <ClCompile Include="UI_Dictionary.cpp">
      <Filter>3.Actor\0.Manager\UIManager\2.Dictionary</Filter>
    </ClCompile>
    <ClCompile Include="UI_DictionaryPage.cpp">
      <Filter>3.Actor\0.Manager\UIManager\2.Dictionary</Filter>
    </ClCompile>
    <ClCompile Include="UI_BiologyPage.cpp">
      <Filter>3.Actor\0.Manager\UIManager\2.Dictionary</Filter>
    </ClCompile>
    <ClCompile Include="UI_ToggleActor.cpp">
      <Filter>3.Actor\0.Manager\UIManager</Filter>
    </ClCompile>
    <ClCompile Include="UI_ProductPage.cpp">
      <Filter>3.Actor\0.Manager\UIManager\2.Dictionary</Filter>
    </ClCompile>
    <ClCompile Include="CameraControler.cpp">
      <Filter>3.Actor\0.Manager\CameraManager</Filter>
    </ClCompile>
    <ClCompile Include="UI_Hub_Broom.cpp">
      <Filter>3.Actor\0.Manager\UIManager\3.Hub</Filter>
    </ClCompile>
    <ClCompile Include="UI_Hub_QuickSlot.cpp">
      <Filter>3.Actor\0.Manager\UIManager\3.Hub</Filter>
    </ClCompile>
    <ClCompile Include="UI_Hub_Tool.cpp">
      <Filter>3.Actor\0.Manager\UIManager\3.Hub</Filter>
    </ClCompile>
    <ClCompile Include="UI_Hub_Stamina.cpp">
      <Filter>3.Actor\0.Manager\UIManager\3.Hub</Filter>
    </ClCompile>
    <ClCompile Include="UI_Hub_Actor.cpp">
      <Filter>3.Actor\0.Manager\UIManager\3.Hub</Filter>
    </ClCompile>
    <ClCompile Include="ContentsEvent.cpp">
      <Filter>0.Data\Event</Filter>
    </ClCompile>
    <ClCompile Include="BiologyData.cpp">
      <Filter>0.Data\Contents</Filter>
    </ClCompile>
    <ClCompile Include="ContentsResource.cpp">
      <Filter>0.Data\Contents</Filter>
    </ClCompile>
    <ClCompile Include="ProductRecipeData.cpp">
      <Filter>0.Data\Contents</Filter>
    </ClCompile>
    <ClCompile Include="IngredientData.cpp">
      <Filter>0.Data\Contents</Filter>
    </ClCompile>
    <ClCompile Include="Roaster.cpp">
      <Filter>3.Actor\2.Interactive\Static\Machine</Filter>
    </ClCompile>
    <ClCompile Include="UI_InterativeMark.cpp">
      <Filter>3.Actor\0.Manager\UIManager\5.Mark</Filter>
    </ClCompile>
    <ClCompile Include="BackDrop_WitchHouse_DownFloor.cpp">
      <Filter>3.Actor\1.BackManager\2.Play</Filter>
    </ClCompile>
    <ClCompile Include="BackDrop_WitchHouse_UpFloor.cpp">
      <Filter>3.Actor\1.BackManager\2.Play</Filter>
    </ClCompile>
    <ClCompile Include="BackDrop_MainMenu.cpp">
      <Filter>3.Actor\1.BackManager\1.MainMenu</Filter>
    </ClCompile>
    <ClCompile Include="BackDrop_PlayLevel.cpp">
      <Filter>3.Actor\1.BackManager\2.Play</Filter>
    </ClCompile>
    <ClCompile Include="ItemData.cpp">
      <Filter>0.Data\Contents</Filter>
    </ClCompile>
    <ClCompile Include="MongSiri_State.cpp">
      <Filter>3.Actor\2.Interactive\Dynamic\MongSiri</Filter>
    </ClCompile>
    <ClCompile Include="MongSiri.cpp">
      <Filter>3.Actor\2.Interactive\Dynamic\MongSiri</Filter>
    </ClCompile>
    <ClCompile Include="Bush.cpp">
      <Filter>3.Actor\2.Interactive\Static\Bush</Filter>
    </ClCompile>
    <ClCompile Include="Bush_State.cpp">
      <Filter>3.Actor\2.Interactive\Static\Bush</Filter>
    </ClCompile>
    <ClCompile Include="Plant.cpp">
      <Filter>3.Actor\2.Interactive\Static\Plant</Filter>
    </ClCompile>
    <ClCompile Include="WitchFlower.cpp">
      <Filter>3.Actor\2.Interactive\Static\Plant</Filter>
    </ClCompile>
    <ClCompile Include="FlowerBird.cpp">
      <Filter>3.Actor\2.Interactive\Dynamic\FlowerBird</Filter>
    </ClCompile>
    <ClCompile Include="FlowerBirdState.cpp">
      <Filter>3.Actor\2.Interactive\Dynamic\FlowerBird</Filter>
    </ClCompile>
    <ClCompile Include="BushBug.cpp">
      <Filter>3.Actor\2.Interactive\Dynamic\BushBug</Filter>
    </ClCompile>
    <ClCompile Include="BroomParticle.cpp">
      <Filter>3.Actor\2.Interactive\Dynamic\Ellie\Broom\Ride_Particle</Filter>
    </ClCompile>
    <ClCompile Include="PlayLevel.cpp">
      <Filter>2.Level\2.Play\0.PlayLevel</Filter>
    </ClCompile>
    <ClCompile Include="PortalObject.cpp">
      <Filter>3.Actor\4.Portal</Filter>
    </ClCompile>
    <ClCompile Include="ContentsGUI.cpp">
      <Filter>10.GUI</Filter>
    </ClCompile>
    <ClCompile Include="Dian.cpp">
      <Filter>3.Actor\2.Interactive\NPC</Filter>
    </ClCompile>
    <ClCompile Include="PumpkinTerrier.cpp">
      <Filter>3.Actor\2.Interactive\Dynamic\PumpkinTerrier</Filter>
    </ClCompile>
    <ClCompile Include="WitchHouse.cpp">
      <Filter>3.Actor\3.Prop\House</Filter>
    </ClCompile>
    <ClCompile Include="LogoLevel.cpp">
      <Filter>2.Level\1.Title</Filter>
    </ClCompile>
    <ClCompile Include="FadeObject.cpp">
      <Filter>1.Global</Filter>
    </ClCompile>
    <ClCompile Include="Tunnel.cpp">
      <Filter>3.Actor\3.Prop\Tunnel</Filter>
    </ClCompile>
    <ClCompile Include="TitleUI.cpp">
      <Filter>3.Actor\3.Prop\Title</Filter>
    </ClCompile>
    <ClCompile Include="ChainProp.cpp">
      <Filter>3.Actor\3.Prop\ChainProp</Filter>
    </ClCompile>
    <ClCompile Include="SequentialProp.cpp">
      <Filter>3.Actor\3.Prop\ChainProp</Filter>
    </ClCompile>
    <ClCompile Include="UI_DropManager.cpp">
      <Filter>3.Actor\0.Manager\UIManager\1.Inventory\DropManager</Filter>
    </ClCompile>
    <ClCompile Include="UI_Drop.cpp">
      <Filter>3.Actor\0.Manager\UIManager\1.Inventory\DropManager</Filter>
    </ClCompile>
    <ClCompile Include="TestLevel.cpp">
      <Filter>100.Z_Test\0.Level</Filter>
    </ClCompile>
    <ClCompile Include="ChubHole.cpp">
      <Filter>3.Actor\2.Interactive\Dynamic\MongSiri\Population</Filter>
    </ClCompile>
    <ClCompile Include="MongSiri_Population.cpp">
      <Filter>3.Actor\2.Interactive\Dynamic\MongSiri\Population</Filter>
    </ClCompile>
    <ClCompile Include="BranchTree.cpp">
      <Filter>3.Actor\2.Interactive\Static\BranchTree</Filter>
    </ClCompile>
    <ClCompile Include="ContentsCore_Resources.cpp" />
    <ClCompile Include="UI_Dispensation.cpp">
      <Filter>3.Actor\2.Interactive\Static\Machine\AlchemyPot\Dispensation</Filter>
    </ClCompile>
    <ClCompile Include="AlchemyPot.cpp">
      <Filter>3.Actor\2.Interactive\Static\Machine\AlchemyPot</Filter>
    </ClCompile>
    <ClCompile Include="UI_ProcessManager.cpp">
      <Filter>3.Actor\2.Interactive\Static\Machine\Extractor\Process</Filter>
    </ClCompile>
    <ClCompile Include="Extractor.cpp">
      <Filter>3.Actor\2.Interactive\Static\Machine\Extractor</Filter>
    </ClCompile>
    <ClCompile Include="UI_ProcessList.cpp">
      <Filter>3.Actor\2.Interactive\Static\Machine\Extractor\Process</Filter>
    </ClCompile>
    <ClCompile Include="UI_ProcessListUnit.cpp">
      <Filter>3.Actor\2.Interactive\Static\Machine\Extractor\Process</Filter>
    </ClCompile>
    <ClCompile Include="UI_ProcessB.cpp">
      <Filter>3.Actor\2.Interactive\Static\Machine\Extractor\Process</Filter>
    </ClCompile>
    <ClCompile Include="MapEditorLevel.cpp">
      <Filter>2.Level\0.MapEditor</Filter>
    </ClCompile>
    <ClCompile Include="MouseManager.cpp">
      <Filter>2.Level\0.MapEditor</Filter>
    </ClCompile>
    <ClCompile Include="TimeManager.cpp">
      <Filter>3.Actor\0.Manager\TimeManager</Filter>
    </ClCompile>
    <ClCompile Include="SkyLerp.cpp">
      <Filter>3.Actor\0.Manager\TimeManager</Filter>
    </ClCompile>
    <ClCompile Include="Conversation.cpp">
      <Filter>3.Actor\0.Manager\ConversationManager</Filter>
    </ClCompile>
    <ClCompile Include="NPCEntity.cpp">
      <Filter>3.Actor\2.Interactive\NPC</Filter>
    </ClCompile>
    <ClCompile Include="UI_Conversation.cpp">
      <Filter>3.Actor\0.Manager\ConversationManager</Filter>
    </ClCompile>
    <ClCompile Include="UI_Conversation_Setting.cpp">
      <Filter>3.Actor\0.Manager\ConversationManager</Filter>
    </ClCompile>
    <ClCompile Include="ContentsEvent_Dian.cpp">
      <Filter>0.Data\Event</Filter>
    </ClCompile>
    <ClCompile Include="BackDrop_WitchHouse_Yard.cpp">
      <Filter>3.Actor\1.BackManager\2.Play\Yard</Filter>
    </ClCompile>
    <ClCompile Include="FieldLevel.cpp">
      <Filter>2.Level\2.Play\0.PlayLevel</Filter>
    </ClCompile>
    <ClCompile Include="EndLevel.cpp">
      <Filter>2.Level\10.EndLevel</Filter>
    </ClCompile>
    <ClCompile Include="GroundRenderUnit.cpp">
      <Filter>3.Actor\3.Prop\RenderActor</Filter>
    </ClCompile>
    <ClCompile Include="NormalProp.cpp">
      <Filter>3.Actor\3.Prop\RenderActor</Filter>
    </ClCompile>
    <ClCompile Include="Prop.cpp">
      <Filter>3.Actor\3.Prop\RenderActor</Filter>
    </ClCompile>
    <ClCompile Include="RendererActor.cpp">
      <Filter>3.Actor\3.Prop\RenderActor</Filter>
    </ClCompile>
    <ClCompile Include="Scenery.cpp">
      <Filter>3.Actor\3.Prop\RenderActor</Filter>
    </ClCompile>
    <ClCompile Include="MapEditorLevel_Resources.cpp">
      <Filter>2.Level\0.MapEditor</Filter>
    </ClCompile>
    <ClCompile Include="AlertManager.cpp">
      <Filter>3.Actor\0.Manager\AlertManager</Filter>
    </ClCompile>
    <ClCompile Include="UI_Alert_Quest.cpp">
      <Filter>3.Actor\0.Manager\AlertManager</Filter>
    </ClCompile>
    <ClCompile Include="UI_Alert_Enter.cpp">
      <Filter>3.Actor\0.Manager\AlertManager</Filter>
    </ClCompile>
    <ClCompile Include="UI_Alert_Base.cpp">
      <Filter>3.Actor\0.Manager\AlertManager</Filter>
    </ClCompile>
    <ClCompile Include="UI_Alert_Tutorial.cpp">
      <Filter>3.Actor\0.Manager\AlertManager</Filter>
    </ClCompile>
    <ClCompile Include="UI_Hub_Calender.cpp">
      <Filter>3.Actor\0.Manager\UIManager\3.Hub</Filter>
    </ClCompile>
    <ClCompile Include="ALightLerp.cpp">
      <Filter>3.Actor\0.Manager\AlertManager</Filter>
    </ClCompile>
    <ClCompile Include="Ellie_Resources.cpp">
      <Filter>3.Actor\2.Interactive\Dynamic\Ellie</Filter>
    </ClCompile>
    <ClCompile Include="RidingFx.cpp">
      <Filter>3.Actor\2.Interactive\Dynamic\Ellie\Broom\Ride_Fx</Filter>
    </ClCompile>
    <ClCompile Include="Ellie_Virgil.cpp">
      <Filter>3.Actor\2.Interactive\Dynamic\Ellie</Filter>
    </ClCompile>
    <ClCompile Include="UI_MainMenu_Button.cpp">
      <Filter>3.Actor\1.BackManager\1.MainMenu</Filter>
    </ClCompile>
    <ClCompile Include="Ellie_Riding_State.cpp">
      <Filter>3.Actor\2.Interactive\Dynamic\Ellie\Broom</Filter>
    </ClCompile>
    <ClCompile Include="Ellie_Broom_Resources.cpp">
      <Filter>3.Actor\2.Interactive\Dynamic\Ellie\Broom</Filter>
    </ClCompile>
    <ClCompile Include="PixelCollision.cpp">
      <Filter>PixelCollision</Filter>
    </ClCompile>
    <ClCompile Include="BackDrop_Field.cpp">
      <Filter>3.Actor\1.BackManager\2.Play</Filter>
    </ClCompile>
    <ClCompile Include="ContentsLevel.cpp">
      <Filter>2.Level</Filter>
    </ClCompile>
    <ClCompile Include="SkyLightEffect.cpp">
      <Filter>Rendering\Effect</Filter>
    </ClCompile>
    <ClCompile Include="ContentsEvent_Aurea.cpp">
      <Filter>0.Data\Event</Filter>
    </ClCompile>
    <ClCompile Include="BackDrop_CenterField.cpp">
      <Filter>3.Actor\1.BackManager\2.Play\CenterField</Filter>
    </ClCompile>
    <ClCompile Include="AureaEvent.cpp">
      <Filter>3.Actor\2.Interactive\NPC\Aurea</Filter>
    </ClCompile>
    <ClCompile Include="Aurea.cpp">
      <Filter>3.Actor\2.Interactive\NPC\Aurea</Filter>
    </ClCompile>
    <ClCompile Include="SilverStarFlower.cpp">
      <Filter>3.Actor\2.Interactive\Static\Plant\SilverBellFlower</Filter>
    </ClCompile>
    <ClCompile Include="SilverStarPollen.cpp">
      <Filter>3.Actor\2.Interactive\Static\Plant\SilverBellFlower</Filter>
    </ClCompile>
    <ClCompile Include="SilverBellSpawner.cpp">
      <Filter>3.Actor\2.Interactive\Static\Plant\SilverBellFlower</Filter>
    </ClCompile>
    <ClCompile Include="OutLineEffect.cpp">
      <Filter>Rendering\Effect</Filter>
    </ClCompile>
    <ClCompile Include="BackDrop.cpp">
      <Filter>3.Actor\1.BackManager</Filter>
    </ClCompile>
    <ClCompile Include="PlayerEffect.cpp">
      <Filter>100.Z_Test\Effect</Filter>
    </ClCompile>
    <ClCompile Include="CrowEvent.cpp">
      <Filter>3.Actor\5.Event</Filter>
    </ClCompile>
    <ClCompile Include="AureaFindEvent.cpp">
      <Filter>3.Actor\5.Event</Filter>
    </ClCompile>
    <ClCompile Include="ContentsEvent_Other.cpp">
      <Filter>0.Data\Event</Filter>
    </ClCompile>
    <ClCompile Include="LootedItem.cpp">
      <Filter>3.Actor\2.Interactive\Static\LootedItem</Filter>
    </ClCompile>
    <ClCompile Include="InteractiveLetter.cpp">
      <Filter>3.Actor\2.Interactive\Static\Letter</Filter>
    </ClCompile>
    <ClCompile Include="DustFx.cpp">
      <Filter>3.Actor\6.Fx</Filter>
    </ClCompile>
    <ClCompile Include="UI_Frame.cpp">
      <Filter>3.Actor\7.UI</Filter>
    </ClCompile>
    <ClCompile Include="Dust.cpp">
      <Filter>3.Actor\2.Interactive\Static\Dust</Filter>
    </ClCompile>
    <ClCompile Include="Dust_HandBook.cpp">
      <Filter>3.Actor\2.Interactive\Static\Dust</Filter>
    </ClCompile>
    <ClCompile Include="Dust_Bag.cpp">
      <Filter>3.Actor\2.Interactive\Static\Dust</Filter>
    </ClCompile>
    <ClCompile Include="Dust_Elevator.cpp">
      <Filter>3.Actor\2.Interactive\Static\Dust</Filter>
    </ClCompile>
    <ClCompile Include="ContentsSpriteRenderer.cpp">
      <Filter>Rendering\Renderer</Filter>
    </ClCompile>
    <ClCompile Include="ContentsUIRenderer.cpp">
      <Filter>Rendering\Renderer</Filter>
    </ClCompile>
    <ClCompile Include="Dust_Extractor.cpp">
      <Filter>3.Actor\2.Interactive\Static\Dust</Filter>
    </ClCompile>
    <ClCompile Include="Dust_Pot.cpp">
      <Filter>3.Actor\2.Interactive\Static\Dust</Filter>
    </ClCompile>
    <ClCompile Include="HouseDustEvent.cpp">
      <Filter>3.Actor\5.Event\SingleEvent</Filter>
    </ClCompile>
    <ClCompile Include="SingleEvent.cpp">
      <Filter>3.Actor\5.Event\SingleEvent</Filter>
    </ClCompile>
    <ClCompile Include="WorkplaceFindEvent.cpp">
      <Filter>3.Actor\5.Event\SingleEvent</Filter>
    </ClCompile>
    <ClCompile Include="CraftPotionEvent.cpp">
      <Filter>3.Actor\5.Event\SingleEvent</Filter>
    </ClCompile>
    <ClCompile Include="LowerLift.cpp">
      <Filter>3.Actor\2.Interactive\Static\WitchLift</Filter>
    </ClCompile>
    <ClCompile Include="UpperLift.cpp">
      <Filter>3.Actor\2.Interactive\Static\WitchLift</Filter>
    </ClCompile>
  </ItemGroup>
</Project>