<?xml version="1.0" encoding="utf-8"?>
<Project ToolsVersion="4.0" xmlns="http://schemas.microsoft.com/developer/msbuild/2003">
  <ItemGroup>
    <FxCompile Include="ContentsRenderBase.fx">
      <Filter>Buffer</Filter>
    </FxCompile>
    <FxCompile Include="TestShader.fx">
      <Filter>Test</Filter>
    </FxCompile>
    <FxCompile Include="SkyLightEffect.fx">
      <Filter>Effect</Filter>
    </FxCompile>
    <FxCompile Include="OutLineEffect.fx">
      <Filter>Effect</Filter>
    </FxCompile>
    <FxCompile Include="GaugeShader.fx">
      <Filter>2D</Filter>
    </FxCompile>
    <FxCompile Include="Math.fx">
      <Filter>Header</Filter>
    </FxCompile>
  </ItemGroup>
  <ItemGroup>
    <Filter Include="Effect">
      <UniqueIdentifier>{cb1cc3b8-e4cc-4baf-beef-eac0ae47acae}</UniqueIdentifier>
    </Filter>
    <Filter Include="Test">
      <UniqueIdentifier>{b19a5aa3-3040-4187-a923-358c802fd415}</UniqueIdentifier>
    </Filter>
    <Filter Include="Buffer">
      <UniqueIdentifier>{4010c7f6-f021-4aef-94c4-8f8f46c72803}</UniqueIdentifier>
    </Filter>
    <Filter Include="2D">
      <UniqueIdentifier>{d26b2f98-f3e7-44f4-a197-6716b12de78e}</UniqueIdentifier>
    </Filter>
    <Filter Include="Header">
      <UniqueIdentifier>{7327c445-14fb-4a6a-8862-d2cd7c1c1aca}</UniqueIdentifier>
    </Filter>
  </ItemGroup>
</Project>